// !$*UTF8*$!
{
	archiveVersion = 1;
	classes = {
	};
	objectVersion = 50;
	objects = {

/* Begin PBXBuildFile section */
		4409642E24F888EA004D117D /* Card.swift in Sources */ = {isa = PBXBuildFile; fileRef = 4409642D24F888EA004D117D /* Card.swift */; };
		4409643024F8893E004D117D /* Carousel.swift in Sources */ = {isa = PBXBuildFile; fileRef = 4409642F24F8893E004D117D /* Carousel.swift */; };
		4409643224F88A91004D117D /* Canvas.swift in Sources */ = {isa = PBXBuildFile; fileRef = 4409643124F88A91004D117D /* Canvas.swift */; };
		4409643424F88AE5004D117D /* Item.swift in Sources */ = {isa = PBXBuildFile; fileRef = 4409643324F88AE5004D117D /* Item.swift */; };
		444CD3AC24FC566000DFAC80 /* HomeView.swift in Sources */ = {isa = PBXBuildFile; fileRef = 444CD3AB24FC566000DFAC80 /* HomeView.swift */; };
		4474AE1224F9DE0F005D72B1 /* CalendarView.swift in Sources */ = {isa = PBXBuildFile; fileRef = 4474AE1124F9DE0F005D72B1 /* CalendarView.swift */; };
		4474AE1524F9EA24005D72B1 /* CalendarMonths.swift in Sources */ = {isa = PBXBuildFile; fileRef = 4474AE1424F9EA24005D72B1 /* CalendarMonths.swift */; };
		4474AE1824F9F659005D72B1 /* DateExtension.swift in Sources */ = {isa = PBXBuildFile; fileRef = 4474AE1724F9F659005D72B1 /* DateExtension.swift */; };
		44919F6624F95ADA003EDAF6 /* Transactions.swift in Sources */ = {isa = PBXBuildFile; fileRef = 44919F6524F95ADA003EDAF6 /* Transactions.swift */; };
		44A246ED24FC679E00D96994 /* CreditCard.swift in Sources */ = {isa = PBXBuildFile; fileRef = 44A246EC24FC679E00D96994 /* CreditCard.swift */; };
		44AA805424F9592400274302 /* ProgressBar.swift in Sources */ = {isa = PBXBuildFile; fileRef = 44AA805324F9592400274302 /* ProgressBar.swift */; };
		44AAD34F24F883D0002C9722 /* CreditCardCarousel.swift in Sources */ = {isa = PBXBuildFile; fileRef = 44AAD34E24F883D0002C9722 /* CreditCardCarousel.swift */; };
		44E2ABF624FABC3600EBABED /* TransactionItem.swift in Sources */ = {isa = PBXBuildFile; fileRef = 44E2ABF524FABC3600EBABED /* TransactionItem.swift */; };
		44E3D57324F6C95D00D37DD8 /* AppDelegate.swift in Sources */ = {isa = PBXBuildFile; fileRef = 44E3D57224F6C95D00D37DD8 /* AppDelegate.swift */; };
		44E3D57524F6C95D00D37DD8 /* SceneDelegate.swift in Sources */ = {isa = PBXBuildFile; fileRef = 44E3D57424F6C95D00D37DD8 /* SceneDelegate.swift */; };
		44E3D57724F6C95D00D37DD8 /* CreditCardView.swift in Sources */ = {isa = PBXBuildFile; fileRef = 44E3D57624F6C95D00D37DD8 /* CreditCardView.swift */; };
		44E3D57924F6C95E00D37DD8 /* Assets.xcassets in Resources */ = {isa = PBXBuildFile; fileRef = 44E3D57824F6C95E00D37DD8 /* Assets.xcassets */; };
		44E3D57C24F6C95E00D37DD8 /* Preview Assets.xcassets in Resources */ = {isa = PBXBuildFile; fileRef = 44E3D57B24F6C95E00D37DD8 /* Preview Assets.xcassets */; };
		44E3D57F24F6C95E00D37DD8 /* LaunchScreen.storyboard in Resources */ = {isa = PBXBuildFile; fileRef = 44E3D57D24F6C95E00D37DD8 /* LaunchScreen.storyboard */; };
		44E3D58A24F6C95E00D37DD8 /* Finance_AppTests.swift in Sources */ = {isa = PBXBuildFile; fileRef = 44E3D58924F6C95E00D37DD8 /* Finance_AppTests.swift */; };
		570BC9F224FF125100CFD18F /* TransactionFormView.swift in Sources */ = {isa = PBXBuildFile; fileRef = 570BC9F124FF125100CFD18F /* TransactionFormView.swift */; };
		570BC9F624FF1D7E00CFD18F /* Transaction.swift in Sources */ = {isa = PBXBuildFile; fileRef = 570BC9F524FF1D7E00CFD18F /* Transaction.swift */; };
		570BC9F824FF23E200CFD18F /* Invoice.swift in Sources */ = {isa = PBXBuildFile; fileRef = 570BC9F724FF23E200CFD18F /* Invoice.swift */; };
		577E3445250123420093403B /* DropDown.swift in Sources */ = {isa = PBXBuildFile; fileRef = 577E3444250123420093403B /* DropDown.swift */; };
		577E344A250123C50093403B /* DropDownItem.swift in Sources */ = {isa = PBXBuildFile; fileRef = 577E3449250123C50093403B /* DropDownItem.swift */; };
/* End PBXBuildFile section */

/* Begin PBXContainerItemProxy section */
		44E3D58624F6C95E00D37DD8 /* PBXContainerItemProxy */ = {
			isa = PBXContainerItemProxy;
			containerPortal = 44E3D56724F6C95D00D37DD8 /* Project object */;
			proxyType = 1;
			remoteGlobalIDString = 44E3D56E24F6C95D00D37DD8;
			remoteInfo = "Finance App";
		};
/* End PBXContainerItemProxy section */

/* Begin PBXFileReference section */
		4409642D24F888EA004D117D /* Card.swift */ = {isa = PBXFileReference; lastKnownFileType = sourcecode.swift; path = Card.swift; sourceTree = "<group>"; };
		4409642F24F8893E004D117D /* Carousel.swift */ = {isa = PBXFileReference; lastKnownFileType = sourcecode.swift; path = Carousel.swift; sourceTree = "<group>"; };
		4409643124F88A91004D117D /* Canvas.swift */ = {isa = PBXFileReference; lastKnownFileType = sourcecode.swift; path = Canvas.swift; sourceTree = "<group>"; };
		4409643324F88AE5004D117D /* Item.swift */ = {isa = PBXFileReference; lastKnownFileType = sourcecode.swift; path = Item.swift; sourceTree = "<group>"; };
		444CD3AB24FC566000DFAC80 /* HomeView.swift */ = {isa = PBXFileReference; lastKnownFileType = sourcecode.swift; path = HomeView.swift; sourceTree = "<group>"; };
		4474AE1124F9DE0F005D72B1 /* CalendarView.swift */ = {isa = PBXFileReference; lastKnownFileType = sourcecode.swift; path = CalendarView.swift; sourceTree = "<group>"; };
		4474AE1424F9EA24005D72B1 /* CalendarMonths.swift */ = {isa = PBXFileReference; lastKnownFileType = sourcecode.swift; path = CalendarMonths.swift; sourceTree = "<group>"; };
		4474AE1724F9F659005D72B1 /* DateExtension.swift */ = {isa = PBXFileReference; lastKnownFileType = sourcecode.swift; path = DateExtension.swift; sourceTree = "<group>"; };
		44919F6524F95ADA003EDAF6 /* Transactions.swift */ = {isa = PBXFileReference; lastKnownFileType = sourcecode.swift; path = Transactions.swift; sourceTree = "<group>"; };
		44A246EC24FC679E00D96994 /* CreditCard.swift */ = {isa = PBXFileReference; lastKnownFileType = sourcecode.swift; path = CreditCard.swift; sourceTree = "<group>"; };
		44AA805324F9592400274302 /* ProgressBar.swift */ = {isa = PBXFileReference; lastKnownFileType = sourcecode.swift; path = ProgressBar.swift; sourceTree = "<group>"; };
		44AAD34E24F883D0002C9722 /* CreditCardCarousel.swift */ = {isa = PBXFileReference; lastKnownFileType = sourcecode.swift; path = CreditCardCarousel.swift; sourceTree = "<group>"; };
		44E2ABF524FABC3600EBABED /* TransactionItem.swift */ = {isa = PBXFileReference; lastKnownFileType = sourcecode.swift; path = TransactionItem.swift; sourceTree = "<group>"; };
		44E3D56F24F6C95D00D37DD8 /* Finance App.app */ = {isa = PBXFileReference; explicitFileType = wrapper.application; includeInIndex = 0; path = "Finance App.app"; sourceTree = BUILT_PRODUCTS_DIR; };
		44E3D57224F6C95D00D37DD8 /* AppDelegate.swift */ = {isa = PBXFileReference; lastKnownFileType = sourcecode.swift; path = AppDelegate.swift; sourceTree = "<group>"; };
		44E3D57424F6C95D00D37DD8 /* SceneDelegate.swift */ = {isa = PBXFileReference; lastKnownFileType = sourcecode.swift; path = SceneDelegate.swift; sourceTree = "<group>"; };
		44E3D57624F6C95D00D37DD8 /* CreditCardView.swift */ = {isa = PBXFileReference; lastKnownFileType = sourcecode.swift; path = CreditCardView.swift; sourceTree = "<group>"; };
		44E3D57824F6C95E00D37DD8 /* Assets.xcassets */ = {isa = PBXFileReference; lastKnownFileType = folder.assetcatalog; path = Assets.xcassets; sourceTree = "<group>"; };
		44E3D57B24F6C95E00D37DD8 /* Preview Assets.xcassets */ = {isa = PBXFileReference; lastKnownFileType = folder.assetcatalog; path = "Preview Assets.xcassets"; sourceTree = "<group>"; };
		44E3D57E24F6C95E00D37DD8 /* Base */ = {isa = PBXFileReference; lastKnownFileType = file.storyboard; name = Base; path = Base.lproj/LaunchScreen.storyboard; sourceTree = "<group>"; };
		44E3D58024F6C95E00D37DD8 /* Info.plist */ = {isa = PBXFileReference; lastKnownFileType = text.plist.xml; path = Info.plist; sourceTree = "<group>"; };
		44E3D58524F6C95E00D37DD8 /* Finance AppTests.xctest */ = {isa = PBXFileReference; explicitFileType = wrapper.cfbundle; includeInIndex = 0; path = "Finance AppTests.xctest"; sourceTree = BUILT_PRODUCTS_DIR; };
		44E3D58924F6C95E00D37DD8 /* Finance_AppTests.swift */ = {isa = PBXFileReference; lastKnownFileType = sourcecode.swift; path = Finance_AppTests.swift; sourceTree = "<group>"; };
		44E3D58B24F6C95E00D37DD8 /* Info.plist */ = {isa = PBXFileReference; lastKnownFileType = text.plist.xml; path = Info.plist; sourceTree = "<group>"; };
		570BC9F124FF125100CFD18F /* TransactionFormView.swift */ = {isa = PBXFileReference; lastKnownFileType = sourcecode.swift; path = TransactionFormView.swift; sourceTree = "<group>"; };
		570BC9F524FF1D7E00CFD18F /* Transaction.swift */ = {isa = PBXFileReference; lastKnownFileType = sourcecode.swift; path = Transaction.swift; sourceTree = "<group>"; };
		570BC9F724FF23E200CFD18F /* Invoice.swift */ = {isa = PBXFileReference; lastKnownFileType = sourcecode.swift; path = Invoice.swift; sourceTree = "<group>"; };
		577E3444250123420093403B /* DropDown.swift */ = {isa = PBXFileReference; lastKnownFileType = sourcecode.swift; path = DropDown.swift; sourceTree = "<group>"; };
		577E3449250123C50093403B /* DropDownItem.swift */ = {isa = PBXFileReference; lastKnownFileType = sourcecode.swift; path = DropDownItem.swift; sourceTree = "<group>"; };
/* End PBXFileReference section */

/* Begin PBXFrameworksBuildPhase section */
		44E3D56C24F6C95D00D37DD8 /* Frameworks */ = {
			isa = PBXFrameworksBuildPhase;
			buildActionMask = 2147483647;
			files = (
			);
			runOnlyForDeploymentPostprocessing = 0;
		};
		44E3D58224F6C95E00D37DD8 /* Frameworks */ = {
			isa = PBXFrameworksBuildPhase;
			buildActionMask = 2147483647;
			files = (
			);
			runOnlyForDeploymentPostprocessing = 0;
		};
/* End PBXFrameworksBuildPhase section */

/* Begin PBXGroup section */
		4409642C24F888DA004D117D /* Structs */ = {
			isa = PBXGroup;
			children = (
				577E3448250123B50093403B /* DropDown */,
				4474AE1324F9EA0F005D72B1 /* Calendar */,
				4409643524F88C95004D117D /* Carousel */,
			);
			path = Structs;
			sourceTree = "<group>";
		};
		4409643524F88C95004D117D /* Carousel */ = {
			isa = PBXGroup;
			children = (
				4409642D24F888EA004D117D /* Card.swift */,
				4409643124F88A91004D117D /* Canvas.swift */,
				4409643324F88AE5004D117D /* Item.swift */,
				4409642F24F8893E004D117D /* Carousel.swift */,
			);
			path = Carousel;
			sourceTree = "<group>";
		};
		4474AE1324F9EA0F005D72B1 /* Calendar */ = {
			isa = PBXGroup;
			children = (
				4474AE1424F9EA24005D72B1 /* CalendarMonths.swift */,
			);
			path = Calendar;
			sourceTree = "<group>";
		};
		4474AE1624F9F64D005D72B1 /* Extensions */ = {
			isa = PBXGroup;
			children = (
				4474AE1724F9F659005D72B1 /* DateExtension.swift */,
			);
			path = Extensions;
			sourceTree = "<group>";
		};
		44A246E724FC672900D96994 /* configuration */ = {
			isa = PBXGroup;
			children = (
			);
			path = configuration;
			sourceTree = "<group>";
		};
		44A246E824FC673200D96994 /* core */ = {
			isa = PBXGroup;
			children = (
			);
			path = core;
			sourceTree = "<group>";
		};
		44A246E924FC673600D96994 /* dataprovider */ = {
			isa = PBXGroup;
			children = (
				44A246EB24FC679000D96994 /* entity */,
			);
			path = dataprovider;
			sourceTree = "<group>";
		};
		44A246EB24FC679000D96994 /* entity */ = {
			isa = PBXGroup;
			children = (
				44A246EC24FC679E00D96994 /* CreditCard.swift */,
				570BC9F524FF1D7E00CFD18F /* Transaction.swift */,
				570BC9F724FF23E200CFD18F /* Invoice.swift */,
			);
			path = entity;
			sourceTree = "<group>";
		};
		44AAD34D24F883BB002C9722 /* components */ = {
			isa = PBXGroup;
			children = (
				4409642C24F888DA004D117D /* Structs */,
				44AAD34E24F883D0002C9722 /* CreditCardCarousel.swift */,
				44AA805324F9592400274302 /* ProgressBar.swift */,
				44919F6524F95ADA003EDAF6 /* Transactions.swift */,
				4474AE1124F9DE0F005D72B1 /* CalendarView.swift */,
				44E2ABF524FABC3600EBABED /* TransactionItem.swift */,
				577E3444250123420093403B /* DropDown.swift */,
			);
			path = components;
			sourceTree = "<group>";
		};
		44E3D56624F6C95D00D37DD8 = {
			isa = PBXGroup;
			children = (
				44E3D57124F6C95D00D37DD8 /* Finance App */,
				44E3D58824F6C95E00D37DD8 /* Finance AppTests */,
				44E3D57024F6C95D00D37DD8 /* Products */,
			);
			sourceTree = "<group>";
		};
		44E3D57024F6C95D00D37DD8 /* Products */ = {
			isa = PBXGroup;
			children = (
				44E3D56F24F6C95D00D37DD8 /* Finance App.app */,
				44E3D58524F6C95E00D37DD8 /* Finance AppTests.xctest */,
			);
			name = Products;
			sourceTree = "<group>";
		};
		44E3D57124F6C95D00D37DD8 /* Finance App */ = {
			isa = PBXGroup;
			children = (
				4474AE1624F9F64D005D72B1 /* Extensions */,
				44AAD34D24F883BB002C9722 /* components */,
				44E3D58024F6C95E00D37DD8 /* Info.plist */,
				44E3D59624F6C98000D37DD8 /* config */,
				44E3D59524F6C97A00D37DD8 /* views */,
				44E3D59424F6C97500D37DD8 /* src */,
				44E3D57D24F6C95E00D37DD8 /* LaunchScreen.storyboard */,
				44E3D57A24F6C95E00D37DD8 /* Preview Content */,
			);
			path = "Finance App";
			sourceTree = "<group>";
		};
		44E3D57A24F6C95E00D37DD8 /* Preview Content */ = {
			isa = PBXGroup;
			children = (
				44E3D57B24F6C95E00D37DD8 /* Preview Assets.xcassets */,
			);
			path = "Preview Content";
			sourceTree = "<group>";
		};
		44E3D58824F6C95E00D37DD8 /* Finance AppTests */ = {
			isa = PBXGroup;
			children = (
				44E3D58924F6C95E00D37DD8 /* Finance_AppTests.swift */,
				44E3D58B24F6C95E00D37DD8 /* Info.plist */,
			);
			path = "Finance AppTests";
			sourceTree = "<group>";
		};
		44E3D59424F6C97500D37DD8 /* src */ = {
			isa = PBXGroup;
			children = (
				44A246E924FC673600D96994 /* dataprovider */,
				44A246E824FC673200D96994 /* core */,
				44A246E724FC672900D96994 /* configuration */,
			);
			path = src;
			sourceTree = "<group>";
		};
		44E3D59524F6C97A00D37DD8 /* views */ = {
			isa = PBXGroup;
			children = (
				44E3D57624F6C95D00D37DD8 /* CreditCardView.swift */,
				444CD3AB24FC566000DFAC80 /* HomeView.swift */,
				570BC9F124FF125100CFD18F /* TransactionFormView.swift */,
			);
			path = views;
			sourceTree = "<group>";
		};
		44E3D59624F6C98000D37DD8 /* config */ = {
			isa = PBXGroup;
			children = (
				44E3D57824F6C95E00D37DD8 /* Assets.xcassets */,
				44E3D57224F6C95D00D37DD8 /* AppDelegate.swift */,
				44E3D57424F6C95D00D37DD8 /* SceneDelegate.swift */,
			);
			path = config;
			sourceTree = "<group>";
		};
		577E3448250123B50093403B /* DropDown */ = {
			isa = PBXGroup;
			children = (
				577E3449250123C50093403B /* DropDownItem.swift */,
			);
			path = DropDown;
			sourceTree = "<group>";
		};
/* End PBXGroup section */

/* Begin PBXNativeTarget section */
		44E3D56E24F6C95D00D37DD8 /* Finance App */ = {
			isa = PBXNativeTarget;
			buildConfigurationList = 44E3D58E24F6C95E00D37DD8 /* Build configuration list for PBXNativeTarget "Finance App" */;
			buildPhases = (
				44E3D56B24F6C95D00D37DD8 /* Sources */,
				44E3D56C24F6C95D00D37DD8 /* Frameworks */,
				44E3D56D24F6C95D00D37DD8 /* Resources */,
			);
			buildRules = (
			);
			dependencies = (
			);
			name = "Finance App";
			productName = "Finance App";
			productReference = 44E3D56F24F6C95D00D37DD8 /* Finance App.app */;
			productType = "com.apple.product-type.application";
		};
		44E3D58424F6C95E00D37DD8 /* Finance AppTests */ = {
			isa = PBXNativeTarget;
			buildConfigurationList = 44E3D59124F6C95E00D37DD8 /* Build configuration list for PBXNativeTarget "Finance AppTests" */;
			buildPhases = (
				44E3D58124F6C95E00D37DD8 /* Sources */,
				44E3D58224F6C95E00D37DD8 /* Frameworks */,
				44E3D58324F6C95E00D37DD8 /* Resources */,
			);
			buildRules = (
			);
			dependencies = (
				44E3D58724F6C95E00D37DD8 /* PBXTargetDependency */,
			);
			name = "Finance AppTests";
			productName = "Finance AppTests";
			productReference = 44E3D58524F6C95E00D37DD8 /* Finance AppTests.xctest */;
			productType = "com.apple.product-type.bundle.unit-test";
		};
/* End PBXNativeTarget section */

/* Begin PBXProject section */
		44E3D56724F6C95D00D37DD8 /* Project object */ = {
			isa = PBXProject;
			attributes = {
				LastSwiftUpdateCheck = 1160;
				LastUpgradeCheck = 1200;
				ORGANIZATIONNAME = ViictrP;
				TargetAttributes = {
					44E3D56E24F6C95D00D37DD8 = {
						CreatedOnToolsVersion = 11.6;
					};
					44E3D58424F6C95E00D37DD8 = {
						CreatedOnToolsVersion = 11.6;
						TestTargetID = 44E3D56E24F6C95D00D37DD8;
					};
				};
			};
			buildConfigurationList = 44E3D56A24F6C95D00D37DD8 /* Build configuration list for PBXProject "Finance App" */;
			compatibilityVersion = "Xcode 9.3";
			developmentRegion = en;
			hasScannedForEncodings = 0;
			knownRegions = (
				en,
				Base,
			);
			mainGroup = 44E3D56624F6C95D00D37DD8;
			productRefGroup = 44E3D57024F6C95D00D37DD8 /* Products */;
			projectDirPath = "";
			projectRoot = "";
			targets = (
				44E3D56E24F6C95D00D37DD8 /* Finance App */,
				44E3D58424F6C95E00D37DD8 /* Finance AppTests */,
			);
		};
/* End PBXProject section */

/* Begin PBXResourcesBuildPhase section */
		44E3D56D24F6C95D00D37DD8 /* Resources */ = {
			isa = PBXResourcesBuildPhase;
			buildActionMask = 2147483647;
			files = (
				44E3D57F24F6C95E00D37DD8 /* LaunchScreen.storyboard in Resources */,
				44E3D57C24F6C95E00D37DD8 /* Preview Assets.xcassets in Resources */,
				44E3D57924F6C95E00D37DD8 /* Assets.xcassets in Resources */,
			);
			runOnlyForDeploymentPostprocessing = 0;
		};
		44E3D58324F6C95E00D37DD8 /* Resources */ = {
			isa = PBXResourcesBuildPhase;
			buildActionMask = 2147483647;
			files = (
			);
			runOnlyForDeploymentPostprocessing = 0;
		};
/* End PBXResourcesBuildPhase section */

/* Begin PBXSourcesBuildPhase section */
		44E3D56B24F6C95D00D37DD8 /* Sources */ = {
			isa = PBXSourcesBuildPhase;
			buildActionMask = 2147483647;
			files = (
				44A246ED24FC679E00D96994 /* CreditCard.swift in Sources */,
				4474AE1224F9DE0F005D72B1 /* CalendarView.swift in Sources */,
				44919F6624F95ADA003EDAF6 /* Transactions.swift in Sources */,
				4474AE1524F9EA24005D72B1 /* CalendarMonths.swift in Sources */,
				444CD3AC24FC566000DFAC80 /* HomeView.swift in Sources */,
				4409643224F88A91004D117D /* Canvas.swift in Sources */,
				44E3D57324F6C95D00D37DD8 /* AppDelegate.swift in Sources */,
				4474AE1824F9F659005D72B1 /* DateExtension.swift in Sources */,
				570BC9F624FF1D7E00CFD18F /* Transaction.swift in Sources */,
				44E3D57524F6C95D00D37DD8 /* SceneDelegate.swift in Sources */,
				577E3445250123420093403B /* DropDown.swift in Sources */,
				4409642E24F888EA004D117D /* Card.swift in Sources */,
				570BC9F824FF23E200CFD18F /* Invoice.swift in Sources */,
				44AA805424F9592400274302 /* ProgressBar.swift in Sources */,
				570BC9F224FF125100CFD18F /* TransactionFormView.swift in Sources */,
				4409643424F88AE5004D117D /* Item.swift in Sources */,
				4409643024F8893E004D117D /* Carousel.swift in Sources */,
				44E3D57724F6C95D00D37DD8 /* CreditCardView.swift in Sources */,
				44AAD34F24F883D0002C9722 /* CreditCardCarousel.swift in Sources */,
				577E344A250123C50093403B /* DropDownItem.swift in Sources */,
				44E2ABF624FABC3600EBABED /* TransactionItem.swift in Sources */,
			);
			runOnlyForDeploymentPostprocessing = 0;
		};
		44E3D58124F6C95E00D37DD8 /* Sources */ = {
			isa = PBXSourcesBuildPhase;
			buildActionMask = 2147483647;
			files = (
				44E3D58A24F6C95E00D37DD8 /* Finance_AppTests.swift in Sources */,
			);
			runOnlyForDeploymentPostprocessing = 0;
		};
/* End PBXSourcesBuildPhase section */

/* Begin PBXTargetDependency section */
		44E3D58724F6C95E00D37DD8 /* PBXTargetDependency */ = {
			isa = PBXTargetDependency;
			target = 44E3D56E24F6C95D00D37DD8 /* Finance App */;
			targetProxy = 44E3D58624F6C95E00D37DD8 /* PBXContainerItemProxy */;
		};
/* End PBXTargetDependency section */

/* Begin PBXVariantGroup section */
		44E3D57D24F6C95E00D37DD8 /* LaunchScreen.storyboard */ = {
			isa = PBXVariantGroup;
			children = (
				44E3D57E24F6C95E00D37DD8 /* Base */,
			);
			name = LaunchScreen.storyboard;
			sourceTree = "<group>";
		};
/* End PBXVariantGroup section */

/* Begin XCBuildConfiguration section */
		44E3D58C24F6C95E00D37DD8 /* Debug */ = {
			isa = XCBuildConfiguration;
			buildSettings = {
				ALWAYS_SEARCH_USER_PATHS = NO;
				CLANG_ANALYZER_NONNULL = YES;
				CLANG_ANALYZER_NUMBER_OBJECT_CONVERSION = YES_AGGRESSIVE;
				CLANG_CXX_LANGUAGE_STANDARD = "gnu++14";
				CLANG_CXX_LIBRARY = "libc++";
				CLANG_ENABLE_MODULES = YES;
				CLANG_ENABLE_OBJC_ARC = YES;
				CLANG_ENABLE_OBJC_WEAK = YES;
				CLANG_WARN_BLOCK_CAPTURE_AUTORELEASING = YES;
				CLANG_WARN_BOOL_CONVERSION = YES;
				CLANG_WARN_COMMA = YES;
				CLANG_WARN_CONSTANT_CONVERSION = YES;
				CLANG_WARN_DEPRECATED_OBJC_IMPLEMENTATIONS = YES;
				CLANG_WARN_DIRECT_OBJC_ISA_USAGE = YES_ERROR;
				CLANG_WARN_DOCUMENTATION_COMMENTS = YES;
				CLANG_WARN_EMPTY_BODY = YES;
				CLANG_WARN_ENUM_CONVERSION = YES;
				CLANG_WARN_INFINITE_RECURSION = YES;
				CLANG_WARN_INT_CONVERSION = YES;
				CLANG_WARN_NON_LITERAL_NULL_CONVERSION = YES;
				CLANG_WARN_OBJC_IMPLICIT_RETAIN_SELF = YES;
				CLANG_WARN_OBJC_LITERAL_CONVERSION = YES;
				CLANG_WARN_OBJC_ROOT_CLASS = YES_ERROR;
				CLANG_WARN_QUOTED_INCLUDE_IN_FRAMEWORK_HEADER = YES;
				CLANG_WARN_RANGE_LOOP_ANALYSIS = YES;
				CLANG_WARN_STRICT_PROTOTYPES = YES;
				CLANG_WARN_SUSPICIOUS_MOVE = YES;
				CLANG_WARN_UNGUARDED_AVAILABILITY = YES_AGGRESSIVE;
				CLANG_WARN_UNREACHABLE_CODE = YES;
				CLANG_WARN__DUPLICATE_METHOD_MATCH = YES;
				COPY_PHASE_STRIP = NO;
				DEBUG_INFORMATION_FORMAT = dwarf;
				ENABLE_STRICT_OBJC_MSGSEND = YES;
				ENABLE_TESTABILITY = YES;
				GCC_C_LANGUAGE_STANDARD = gnu11;
				GCC_DYNAMIC_NO_PIC = NO;
				GCC_NO_COMMON_BLOCKS = YES;
				GCC_OPTIMIZATION_LEVEL = 0;
				GCC_PREPROCESSOR_DEFINITIONS = (
					"DEBUG=1",
					"$(inherited)",
				);
				GCC_WARN_64_TO_32_BIT_CONVERSION = YES;
				GCC_WARN_ABOUT_RETURN_TYPE = YES_ERROR;
				GCC_WARN_UNDECLARED_SELECTOR = YES;
				GCC_WARN_UNINITIALIZED_AUTOS = YES_AGGRESSIVE;
				GCC_WARN_UNUSED_FUNCTION = YES;
				GCC_WARN_UNUSED_VARIABLE = YES;
				IPHONEOS_DEPLOYMENT_TARGET = 13.6;
				MTL_ENABLE_DEBUG_INFO = INCLUDE_SOURCE;
				MTL_FAST_MATH = YES;
				ONLY_ACTIVE_ARCH = YES;
				SDKROOT = iphoneos;
				SWIFT_ACTIVE_COMPILATION_CONDITIONS = DEBUG;
				SWIFT_OPTIMIZATION_LEVEL = "-Onone";
			};
			name = Debug;
		};
		44E3D58D24F6C95E00D37DD8 /* Release */ = {
			isa = XCBuildConfiguration;
			buildSettings = {
				ALWAYS_SEARCH_USER_PATHS = NO;
				CLANG_ANALYZER_NONNULL = YES;
				CLANG_ANALYZER_NUMBER_OBJECT_CONVERSION = YES_AGGRESSIVE;
				CLANG_CXX_LANGUAGE_STANDARD = "gnu++14";
				CLANG_CXX_LIBRARY = "libc++";
				CLANG_ENABLE_MODULES = YES;
				CLANG_ENABLE_OBJC_ARC = YES;
				CLANG_ENABLE_OBJC_WEAK = YES;
				CLANG_WARN_BLOCK_CAPTURE_AUTORELEASING = YES;
				CLANG_WARN_BOOL_CONVERSION = YES;
				CLANG_WARN_COMMA = YES;
				CLANG_WARN_CONSTANT_CONVERSION = YES;
				CLANG_WARN_DEPRECATED_OBJC_IMPLEMENTATIONS = YES;
				CLANG_WARN_DIRECT_OBJC_ISA_USAGE = YES_ERROR;
				CLANG_WARN_DOCUMENTATION_COMMENTS = YES;
				CLANG_WARN_EMPTY_BODY = YES;
				CLANG_WARN_ENUM_CONVERSION = YES;
				CLANG_WARN_INFINITE_RECURSION = YES;
				CLANG_WARN_INT_CONVERSION = YES;
				CLANG_WARN_NON_LITERAL_NULL_CONVERSION = YES;
				CLANG_WARN_OBJC_IMPLICIT_RETAIN_SELF = YES;
				CLANG_WARN_OBJC_LITERAL_CONVERSION = YES;
				CLANG_WARN_OBJC_ROOT_CLASS = YES_ERROR;
				CLANG_WARN_QUOTED_INCLUDE_IN_FRAMEWORK_HEADER = YES;
				CLANG_WARN_RANGE_LOOP_ANALYSIS = YES;
				CLANG_WARN_STRICT_PROTOTYPES = YES;
				CLANG_WARN_SUSPICIOUS_MOVE = YES;
				CLANG_WARN_UNGUARDED_AVAILABILITY = YES_AGGRESSIVE;
				CLANG_WARN_UNREACHABLE_CODE = YES;
				CLANG_WARN__DUPLICATE_METHOD_MATCH = YES;
				COPY_PHASE_STRIP = NO;
				DEBUG_INFORMATION_FORMAT = "dwarf-with-dsym";
				ENABLE_NS_ASSERTIONS = NO;
				ENABLE_STRICT_OBJC_MSGSEND = YES;
				GCC_C_LANGUAGE_STANDARD = gnu11;
				GCC_NO_COMMON_BLOCKS = YES;
				GCC_WARN_64_TO_32_BIT_CONVERSION = YES;
				GCC_WARN_ABOUT_RETURN_TYPE = YES_ERROR;
				GCC_WARN_UNDECLARED_SELECTOR = YES;
				GCC_WARN_UNINITIALIZED_AUTOS = YES_AGGRESSIVE;
				GCC_WARN_UNUSED_FUNCTION = YES;
				GCC_WARN_UNUSED_VARIABLE = YES;
				IPHONEOS_DEPLOYMENT_TARGET = 13.6;
				MTL_ENABLE_DEBUG_INFO = NO;
				MTL_FAST_MATH = YES;
				SDKROOT = iphoneos;
				SWIFT_COMPILATION_MODE = wholemodule;
				SWIFT_OPTIMIZATION_LEVEL = "-O";
				VALIDATE_PRODUCT = YES;
			};
			name = Release;
		};
		44E3D58F24F6C95E00D37DD8 /* Debug */ = {
			isa = XCBuildConfiguration;
			buildSettings = {
				ASSETCATALOG_COMPILER_APPICON_NAME = AppIcon;
				CODE_SIGN_STYLE = Automatic;
				DEVELOPMENT_ASSET_PATHS = "\"Finance App/Preview Content\"";
				DEVELOPMENT_TEAM = VHS2L26N34;
				ENABLE_PREVIEWS = YES;
				INFOPLIST_FILE = "Finance App/Info.plist";
				IPHONEOS_DEPLOYMENT_TARGET = 13.0;
				LD_RUNPATH_SEARCH_PATHS = (
					"$(inherited)",
					"@executable_path/Frameworks",
				);
				MARKETING_VERSION = 1.0;
				PRODUCT_BUNDLE_IDENTIFIER = "com.viictrp.financeapp.Finance-App";
				PRODUCT_NAME = "$(TARGET_NAME)";
				SWIFT_VERSION = 5.0;
				TARGETED_DEVICE_FAMILY = "1,2";
			};
			name = Debug;
		};
		44E3D59024F6C95E00D37DD8 /* Release */ = {
			isa = XCBuildConfiguration;
			buildSettings = {
				ASSETCATALOG_COMPILER_APPICON_NAME = AppIcon;
				CODE_SIGN_STYLE = Automatic;
				DEVELOPMENT_ASSET_PATHS = "\"Finance App/Preview Content\"";
				DEVELOPMENT_TEAM = VHS2L26N34;
				ENABLE_PREVIEWS = YES;
				INFOPLIST_FILE = "Finance App/Info.plist";
				IPHONEOS_DEPLOYMENT_TARGET = 13.0;
				LD_RUNPATH_SEARCH_PATHS = (
					"$(inherited)",
					"@executable_path/Frameworks",
				);
				MARKETING_VERSION = 1.0;
				PRODUCT_BUNDLE_IDENTIFIER = "com.viictrp.financeapp.Finance-App";
				PRODUCT_NAME = "$(TARGET_NAME)";
				SWIFT_VERSION = 5.0;
				TARGETED_DEVICE_FAMILY = "1,2";
			};
			name = Release;
		};
		44E3D59224F6C95E00D37DD8 /* Debug */ = {
			isa = XCBuildConfiguration;
			buildSettings = {
				ALWAYS_EMBED_SWIFT_STANDARD_LIBRARIES = YES;
				BUNDLE_LOADER = "$(TEST_HOST)";
				CODE_SIGN_STYLE = Automatic;
				DEVELOPMENT_TEAM = VHS2L26N34;
				INFOPLIST_FILE = "Finance AppTests/Info.plist";
				IPHONEOS_DEPLOYMENT_TARGET = 13.6;
				LD_RUNPATH_SEARCH_PATHS = (
					"$(inherited)",
					"@executable_path/Frameworks",
					"@loader_path/Frameworks",
				);
				PRODUCT_BUNDLE_IDENTIFIER = "com.viictrp.financeapp.Finance-AppTests";
				PRODUCT_NAME = "$(TARGET_NAME)";
				SWIFT_VERSION = 5.0;
				TARGETED_DEVICE_FAMILY = "1,2";
				TEST_HOST = "$(BUILT_PRODUCTS_DIR)/Finance App.app/Finance App";
			};
			name = Debug;
		};
		44E3D59324F6C95E00D37DD8 /* Release */ = {
			isa = XCBuildConfiguration;
			buildSettings = {
				ALWAYS_EMBED_SWIFT_STANDARD_LIBRARIES = YES;
				BUNDLE_LOADER = "$(TEST_HOST)";
				CODE_SIGN_STYLE = Automatic;
				DEVELOPMENT_TEAM = VHS2L26N34;
				INFOPLIST_FILE = "Finance AppTests/Info.plist";
				IPHONEOS_DEPLOYMENT_TARGET = 13.6;
				LD_RUNPATH_SEARCH_PATHS = (
					"$(inherited)",
					"@executable_path/Frameworks",
					"@loader_path/Frameworks",
				);
				PRODUCT_BUNDLE_IDENTIFIER = "com.viictrp.financeapp.Finance-AppTests";
				PRODUCT_NAME = "$(TARGET_NAME)";
				SWIFT_VERSION = 5.0;
				TARGETED_DEVICE_FAMILY = "1,2";
				TEST_HOST = "$(BUILT_PRODUCTS_DIR)/Finance App.app/Finance App";
			};
			name = Release;
		};
/* End XCBuildConfiguration section */

/* Begin XCConfigurationList section */
		44E3D56A24F6C95D00D37DD8 /* Build configuration list for PBXProject "Finance App" */ = {
			isa = XCConfigurationList;
			buildConfigurations = (
				44E3D58C24F6C95E00D37DD8 /* Debug */,
				44E3D58D24F6C95E00D37DD8 /* Release */,
			);
			defaultConfigurationIsVisible = 0;
			defaultConfigurationName = Release;
		};
		44E3D58E24F6C95E00D37DD8 /* Build configuration list for PBXNativeTarget "Finance App" */ = {
			isa = XCConfigurationList;
			buildConfigurations = (
				44E3D58F24F6C95E00D37DD8 /* Debug */,
				44E3D59024F6C95E00D37DD8 /* Release */,
			);
			defaultConfigurationIsVisible = 0;
			defaultConfigurationName = Release;
		};
		44E3D59124F6C95E00D37DD8 /* Build configuration list for PBXNativeTarget "Finance AppTests" */ = {
			isa = XCConfigurationList;
			buildConfigurations = (
				44E3D59224F6C95E00D37DD8 /* Debug */,
				44E3D59324F6C95E00D37DD8 /* Release */,
			);
			defaultConfigurationIsVisible = 0;
			defaultConfigurationName = Release;
		};
/* End XCConfigurationList section */
	};
	rootObject = 44E3D56724F6C95D00D37DD8 /* Project object */;
}
